
Microsoft Visual Studio Solution File, Format Version 12.00
# Visual Studio Version 17
VisualStudioVersion = 17.8.34322.80
MinimumVisualStudioVersion = 10.0.40219.1
Project("{9A19103F-16F7-4668-BE54-9A1E7A4F7556}") = "Arcadia.Server", "Arcadia.Server\Arcadia.Server.csproj", "{3FF1C8BC-6113-4E5A-A8FA-C70D6C1412C7}"
EndProject
Project("{9A19103F-16F7-4668-BE54-9A1E7A4F7556}") = "Arcadia.Client", "Arcadia.Client\Arcadia.Client.csproj", "{B8D6D6A3-1630-4F8E-8A87-F568B6F92593}"
EndProject
Project("{2150E333-8FDC-42A3-9474-1A3956D46DE8}") = "Solution Items", "Solution Items", "{1F2CCA76-F121-443A-99ED-0E0A585AE95F}"
	ProjectSection(SolutionItems) = preProject
		README.md = README.md
	EndProjectSection
EndProject
Global
	GlobalSection(SolutionConfigurationPlatforms) = preSolution
		Debug|Any CPU = Debug|Any CPU
		Release|Any CPU = Release|Any CPU
	EndGlobalSection
	GlobalSection(ProjectConfigurationPlatforms) = postSolution
		{3FF1C8BC-6113-4E5A-A8FA-C70D6C1412C7}.Debug|Any CPU.ActiveCfg = Debug|Any CPU
		{3FF1C8BC-6113-4E5A-A8FA-C70D6C1412C7}.Debug|Any CPU.Build.0 = Debug|Any CPU
		{3FF1C8BC-6113-4E5A-A8FA-C70D6C1412C7}.Release|Any CPU.ActiveCfg = Release|Any CPU
		{3FF1C8BC-6113-4E5A-A8FA-C70D6C1412C7}.Release|Any CPU.Build.0 = Release|Any CPU
		{B8D6D6A3-1630-4F8E-8A87-F568B6F92593}.Debug|Any CPU.ActiveCfg = Debug|Any CPU
		{B8D6D6A3-1630-4F8E-8A87-F568B6F92593}.Debug|Any CPU.Build.0 = Debug|Any CPU
		{B8D6D6A3-1630-4F8E-8A87-F568B6F92593}.Release|Any CPU.ActiveCfg = Release|Any CPU
		{B8D6D6A3-1630-4F8E-8A87-F568B6F92593}.Release|Any CPU.Build.0 = Release|Any CPU
	EndGlobalSection
	GlobalSection(SolutionProperties) = preSolution
		HideSolutionNode = FALSE
	EndGlobalSection
	GlobalSection(ExtensibilityGlobals) = postSolution
		SolutionGuid = {4A62B06C-6C7F-4439-A076-334D119F2E3D}
	EndGlobalSection
EndGlobal
